
Microsoft Visual Studio Solution File, Format Version 12.00
# Visual Studio 15
VisualStudioVersion = 15.0.27428.2015
MinimumVisualStudioVersion = 10.0.40219.1
Project("{FAE04EC0-301F-11D3-BF4B-00C04F79EFBC}") = "IlyaGorshkov_bot", "IlyaGorshkov_bot\IlyaGorshkov_bot.csproj", "{374AFD87-2536-40D3-B146-80F5DF1793D9}"
EndProject
Global
	GlobalSection(SolutionConfigurationPlatforms) = preSolution
		Debug|Any CPU = Debug|Any CPU
		Release|Any CPU = Release|Any CPU
	EndGlobalSection
	GlobalSection(ProjectConfigurationPlatforms) = postSolution
		{374AFD87-2536-40D3-B146-80F5DF1793D9}.Debug|Any CPU.ActiveCfg = Debug|Any CPU
		{374AFD87-2536-40D3-B146-80F5DF1793D9}.Debug|Any CPU.Build.0 = Debug|Any CPU
		{374AFD87-2536-40D3-B146-80F5DF1793D9}.Release|Any CPU.ActiveCfg = Release|Any CPU
		{374AFD87-2536-40D3-B146-80F5DF1793D9}.Release|Any CPU.Build.0 = Release|Any CPU
	EndGlobalSection
	GlobalSection(SolutionProperties) = preSolution
		HideSolutionNode = FALSE
	EndGlobalSection
	GlobalSection(ExtensibilityGlobals) = postSolution
		SolutionGuid = {EFE75441-6041-46FF-87F2-C0E1C0FFC7CB}
	EndGlobalSection
EndGlobal
